
Microsoft Visual Studio Solution File, Format Version 12.00
# Visual Studio Version 16
VisualStudioVersion = 16.0.30804.86
MinimumVisualStudioVersion = 10.0.40219.1
Project("{FAE04EC0-301F-11D3-BF4B-00C04F79EFBC}") = "Bytewizer.TinyCLR.HelloWorld", "Bytewizer.TinyCLR.HelloWorld.csproj", "{FB9CAF9C-995A-4120-B421-5D1E81DCF4C5}"
EndProject
Global
	GlobalSection(SolutionConfigurationPlatforms) = preSolution
		Debug|Any CPU = Debug|Any CPU
		Release|Any CPU = Release|Any CPU
	EndGlobalSection
	GlobalSection(ProjectConfigurationPlatforms) = postSolution
		{FB9CAF9C-995A-4120-B421-5D1E81DCF4C5}.Debug|Any CPU.ActiveCfg = Debug|Any CPU
		{FB9CAF9C-995A-4120-B421-5D1E81DCF4C5}.Debug|Any CPU.Build.0 = Debug|Any CPU
		{FB9CAF9C-995A-4120-B421-5D1E81DCF4C5}.Debug|Any CPU.Deploy.0 = Debug|Any CPU
		{FB9CAF9C-995A-4120-B421-5D1E81DCF4C5}.Release|Any CPU.ActiveCfg = Release|Any CPU
		{FB9CAF9C-995A-4120-B421-5D1E81DCF4C5}.Release|Any CPU.Build.0 = Release|Any CPU
		{FB9CAF9C-995A-4120-B421-5D1E81DCF4C5}.Release|Any CPU.Deploy.0 = Release|Any CPU
	EndGlobalSection
	GlobalSection(SolutionProperties) = preSolution
		HideSolutionNode = FALSE
	EndGlobalSection
	GlobalSection(ExtensibilityGlobals) = postSolution
		SolutionGuid = {A6773E87-8859-42A2-ACE7-C6C05D4986C4}
	EndGlobalSection
EndGlobal
