
Microsoft Visual Studio Solution File, Format Version 12.00
# Visual Studio 2012
Project("{FAE04EC0-301F-11D3-BF4B-00C04F79EFBC}") = "MicroServer.Core", "Core\MicroServer.Core.csproj", "{54255905-096C-42A5-B800-010C3673E820}"
EndProject
Project("{FAE04EC0-301F-11D3-BF4B-00C04F79EFBC}") = "MicroServer.ServiceManager", "ServiceManager\MicroServer.ServiceManager.csproj", "{BE3F9F99-C0A7-4120-A6AE-6816CCBF16C0}"
EndProject
Project("{FAE04EC0-301F-11D3-BF4B-00C04F79EFBC}") = "MicroServer.Net.DhcpService", "Net\DhcpService\MicroServer.Net.DhcpService.csproj", "{9FFED0C6-5B64-406D-8B99-ED5474A0A1CB}"
EndProject
Project("{FAE04EC0-301F-11D3-BF4B-00C04F79EFBC}") = "MicroServer.Net.DnsService", "Net\DnsService\MicroServer.Net.DnsService.csproj", "{A3DE42C9-B837-462F-BBAE-7D38A30595D6}"
EndProject
Project("{FAE04EC0-301F-11D3-BF4B-00C04F79EFBC}") = "MicroServer.Net.SntpService", "Net\SntpService\MicroServer.Net.SntpService.csproj", "{32A7A0DF-0B5E-4337-BD60-EAF2DDBD6E54}"
EndProject
Project("{FAE04EC0-301F-11D3-BF4B-00C04F79EFBC}") = "MicroServer.Net.HttpService", "Net\HttpService\MicroServer.Net.HttpService.csproj", "{9A23BE8A-19F0-4384-9FF8-6E4B38E088A2}"
EndProject
Project("{2150E333-8FDC-42A3-9474-1A3956D46DE8}") = "Net", "Net", "{B561E6F4-8158-4B2E-AB16-73ACF277FFFA}"
EndProject
Project("{2150E333-8FDC-42A3-9474-1A3956D46DE8}") = "Project", "Project", "{CA9808D3-DDF1-4276-B271-E6E7323056C0}"
	ProjectSection(SolutionItems) = preProject
		README.md = README.md
	EndProjectSection
EndProject
Global
	GlobalSection(SolutionConfigurationPlatforms) = preSolution
		Debug|Any CPU = Debug|Any CPU
		Release|Any CPU = Release|Any CPU
	EndGlobalSection
	GlobalSection(ProjectConfigurationPlatforms) = postSolution
		{54255905-096C-42A5-B800-010C3673E820}.Debug|Any CPU.ActiveCfg = Debug|Any CPU
		{54255905-096C-42A5-B800-010C3673E820}.Debug|Any CPU.Build.0 = Debug|Any CPU
		{54255905-096C-42A5-B800-010C3673E820}.Release|Any CPU.ActiveCfg = Release|Any CPU
		{54255905-096C-42A5-B800-010C3673E820}.Release|Any CPU.Build.0 = Release|Any CPU
		{BE3F9F99-C0A7-4120-A6AE-6816CCBF16C0}.Debug|Any CPU.ActiveCfg = Debug|Any CPU
		{BE3F9F99-C0A7-4120-A6AE-6816CCBF16C0}.Debug|Any CPU.Build.0 = Debug|Any CPU
		{BE3F9F99-C0A7-4120-A6AE-6816CCBF16C0}.Release|Any CPU.ActiveCfg = Release|Any CPU
		{BE3F9F99-C0A7-4120-A6AE-6816CCBF16C0}.Release|Any CPU.Build.0 = Release|Any CPU
		{9FFED0C6-5B64-406D-8B99-ED5474A0A1CB}.Debug|Any CPU.ActiveCfg = Debug|Any CPU
		{9FFED0C6-5B64-406D-8B99-ED5474A0A1CB}.Debug|Any CPU.Build.0 = Debug|Any CPU
		{9FFED0C6-5B64-406D-8B99-ED5474A0A1CB}.Release|Any CPU.ActiveCfg = Release|Any CPU
		{9FFED0C6-5B64-406D-8B99-ED5474A0A1CB}.Release|Any CPU.Build.0 = Release|Any CPU
		{A3DE42C9-B837-462F-BBAE-7D38A30595D6}.Debug|Any CPU.ActiveCfg = Debug|Any CPU
		{A3DE42C9-B837-462F-BBAE-7D38A30595D6}.Debug|Any CPU.Build.0 = Debug|Any CPU
		{A3DE42C9-B837-462F-BBAE-7D38A30595D6}.Release|Any CPU.ActiveCfg = Release|Any CPU
		{A3DE42C9-B837-462F-BBAE-7D38A30595D6}.Release|Any CPU.Build.0 = Release|Any CPU
		{32A7A0DF-0B5E-4337-BD60-EAF2DDBD6E54}.Debug|Any CPU.ActiveCfg = Debug|Any CPU
		{32A7A0DF-0B5E-4337-BD60-EAF2DDBD6E54}.Debug|Any CPU.Build.0 = Debug|Any CPU
		{32A7A0DF-0B5E-4337-BD60-EAF2DDBD6E54}.Release|Any CPU.ActiveCfg = Release|Any CPU
		{32A7A0DF-0B5E-4337-BD60-EAF2DDBD6E54}.Release|Any CPU.Build.0 = Release|Any CPU
		{9A23BE8A-19F0-4384-9FF8-6E4B38E088A2}.Debug|Any CPU.ActiveCfg = Debug|Any CPU
		{9A23BE8A-19F0-4384-9FF8-6E4B38E088A2}.Debug|Any CPU.Build.0 = Debug|Any CPU
		{9A23BE8A-19F0-4384-9FF8-6E4B38E088A2}.Release|Any CPU.ActiveCfg = Release|Any CPU
		{9A23BE8A-19F0-4384-9FF8-6E4B38E088A2}.Release|Any CPU.Build.0 = Release|Any CPU
	EndGlobalSection
	GlobalSection(SolutionProperties) = preSolution
		HideSolutionNode = FALSE
	EndGlobalSection
	GlobalSection(NestedProjects) = preSolution
		{A3DE42C9-B837-462F-BBAE-7D38A30595D6} = {B561E6F4-8158-4B2E-AB16-73ACF277FFFA}
		{32A7A0DF-0B5E-4337-BD60-EAF2DDBD6E54} = {B561E6F4-8158-4B2E-AB16-73ACF277FFFA}
		{9A23BE8A-19F0-4384-9FF8-6E4B38E088A2} = {B561E6F4-8158-4B2E-AB16-73ACF277FFFA}
		{9FFED0C6-5B64-406D-8B99-ED5474A0A1CB} = {B561E6F4-8158-4B2E-AB16-73ACF277FFFA}
	EndGlobalSection
EndGlobal
