
Microsoft Visual Studio Solution File, Format Version 12.00
# Visual Studio Version 16
VisualStudioVersion = 16.0.30503.244
MinimumVisualStudioVersion = 10.0.40219.1
Project("{FAE04EC0-301F-11D3-BF4B-00C04F79EFBC}") = "Bytewizer.TinyCLR.Tests.Sockets", "Bytewizer.TinyCLR.Tests.Sockets.csproj", "{0C33250B-7C4E-41CE-86CA-784DF3B7980B}"
EndProject
Project("{FAE04EC0-301F-11D3-BF4B-00C04F79EFBC}") = "Bytewizer.TinyCLR.Sockets", "..\..\src\sockets\Bytewizer.TinyCLR.Sockets.csproj", "{CECB4A63-1460-4721-96B1-7FCCEC0FAF84}"
EndProject
Project("{2150E333-8FDC-42A3-9474-1A3956D46DE8}") = "Integrated Tests", "Integrated Tests", "{50E7AB6E-9858-4244-BAF3-77ECF64786ED}"
EndProject
Global
	GlobalSection(SolutionConfigurationPlatforms) = preSolution
		Debug|Any CPU = Debug|Any CPU
		Release|Any CPU = Release|Any CPU
	EndGlobalSection
	GlobalSection(ProjectConfigurationPlatforms) = postSolution
		{0C33250B-7C4E-41CE-86CA-784DF3B7980B}.Debug|Any CPU.ActiveCfg = Debug|Any CPU
		{0C33250B-7C4E-41CE-86CA-784DF3B7980B}.Debug|Any CPU.Build.0 = Debug|Any CPU
		{0C33250B-7C4E-41CE-86CA-784DF3B7980B}.Debug|Any CPU.Deploy.0 = Debug|Any CPU
		{0C33250B-7C4E-41CE-86CA-784DF3B7980B}.Release|Any CPU.ActiveCfg = Release|Any CPU
		{0C33250B-7C4E-41CE-86CA-784DF3B7980B}.Release|Any CPU.Build.0 = Release|Any CPU
		{0C33250B-7C4E-41CE-86CA-784DF3B7980B}.Release|Any CPU.Deploy.0 = Release|Any CPU
		{CECB4A63-1460-4721-96B1-7FCCEC0FAF84}.Debug|Any CPU.ActiveCfg = Debug|Any CPU
		{CECB4A63-1460-4721-96B1-7FCCEC0FAF84}.Debug|Any CPU.Build.0 = Debug|Any CPU
		{CECB4A63-1460-4721-96B1-7FCCEC0FAF84}.Release|Any CPU.ActiveCfg = Release|Any CPU
		{CECB4A63-1460-4721-96B1-7FCCEC0FAF84}.Release|Any CPU.Build.0 = Release|Any CPU
	EndGlobalSection
	GlobalSection(SolutionProperties) = preSolution
		HideSolutionNode = FALSE
	EndGlobalSection
	GlobalSection(NestedProjects) = preSolution
		{0C33250B-7C4E-41CE-86CA-784DF3B7980B} = {50E7AB6E-9858-4244-BAF3-77ECF64786ED}
	EndGlobalSection
	GlobalSection(ExtensibilityGlobals) = postSolution
		SolutionGuid = {660041E4-62A5-4F4F-93FE-C9F0033378DF}
	EndGlobalSection
EndGlobal
