
Microsoft Visual Studio Solution File, Format Version 12.00
# Visual Studio Version 16
VisualStudioVersion = 16.0.30002.166
MinimumVisualStudioVersion = 10.0.40219.1
Project("{FAE04EC0-301F-11D3-BF4B-00C04F79EFBC}") = "Bytewizer.TinyCLR.TinyServer", "Bytewizer.TinyCLR.TinyServer.csproj", "{95FE6FB5-882C-4DBF-A242-3EB6BB19202A}"
EndProject
Project("{FAE04EC0-301F-11D3-BF4B-00C04F79EFBC}") = "Bytewizer.TinyCLR.Sockets", "..\..\src\sockets\Bytewizer.TinyCLR.Sockets.csproj", "{CECB4A63-1460-4721-96B1-7FCCEC0FAF84}"
EndProject
Global
	GlobalSection(SolutionConfigurationPlatforms) = preSolution
		Debug|Any CPU = Debug|Any CPU
		Release|Any CPU = Release|Any CPU
	EndGlobalSection
	GlobalSection(ProjectConfigurationPlatforms) = postSolution
		{95FE6FB5-882C-4DBF-A242-3EB6BB19202A}.Debug|Any CPU.ActiveCfg = Debug|Any CPU
		{95FE6FB5-882C-4DBF-A242-3EB6BB19202A}.Debug|Any CPU.Build.0 = Debug|Any CPU
		{95FE6FB5-882C-4DBF-A242-3EB6BB19202A}.Debug|Any CPU.Deploy.0 = Debug|Any CPU
		{95FE6FB5-882C-4DBF-A242-3EB6BB19202A}.Release|Any CPU.ActiveCfg = Release|Any CPU
		{95FE6FB5-882C-4DBF-A242-3EB6BB19202A}.Release|Any CPU.Build.0 = Release|Any CPU
		{95FE6FB5-882C-4DBF-A242-3EB6BB19202A}.Release|Any CPU.Deploy.0 = Release|Any CPU
		{CECB4A63-1460-4721-96B1-7FCCEC0FAF84}.Debug|Any CPU.ActiveCfg = Debug|Any CPU
		{CECB4A63-1460-4721-96B1-7FCCEC0FAF84}.Debug|Any CPU.Build.0 = Debug|Any CPU
		{CECB4A63-1460-4721-96B1-7FCCEC0FAF84}.Release|Any CPU.ActiveCfg = Release|Any CPU
		{CECB4A63-1460-4721-96B1-7FCCEC0FAF84}.Release|Any CPU.Build.0 = Release|Any CPU
	EndGlobalSection
	GlobalSection(SolutionProperties) = preSolution
		HideSolutionNode = FALSE
	EndGlobalSection
	GlobalSection(ExtensibilityGlobals) = postSolution
		SolutionGuid = {C04E0A8C-D974-4A4F-9D49-9E9AC9A78F05}
	EndGlobalSection
EndGlobal
