
Microsoft Visual Studio Solution File, Format Version 12.00
# Visual Studio Version 16
VisualStudioVersion = 16.0.30225.117
MinimumVisualStudioVersion = 10.0.40219.1
Project("{9A19103F-16F7-4668-BE54-9A1E7A4F7556}") = "Bytewizer.TinyCLR.Sockets", "Bytewizer.TinyCLR.Sockets.csproj", "{DEA95A4F-FC09-4A86-91CB-2CF2B9E84347}"
EndProject
Global
	GlobalSection(SolutionConfigurationPlatforms) = preSolution
		Debug|Any CPU = Debug|Any CPU
		Release|Any CPU = Release|Any CPU
	EndGlobalSection
	GlobalSection(ProjectConfigurationPlatforms) = postSolution
		{DEA95A4F-FC09-4A86-91CB-2CF2B9E84347}.Debug|Any CPU.ActiveCfg = Debug|Any CPU
		{DEA95A4F-FC09-4A86-91CB-2CF2B9E84347}.Debug|Any CPU.Build.0 = Debug|Any CPU
		{DEA95A4F-FC09-4A86-91CB-2CF2B9E84347}.Release|Any CPU.ActiveCfg = Release|Any CPU
		{DEA95A4F-FC09-4A86-91CB-2CF2B9E84347}.Release|Any CPU.Build.0 = Release|Any CPU
	EndGlobalSection
	GlobalSection(SolutionProperties) = preSolution
		HideSolutionNode = FALSE
	EndGlobalSection
	GlobalSection(ExtensibilityGlobals) = postSolution
		SolutionGuid = {5DCFAF24-0140-450D-AD06-E7982D26023C}
	EndGlobalSection
EndGlobal
