
Microsoft Visual Studio Solution File, Format Version 12.00
# Visual Studio Version 16
VisualStudioVersion = 16.0.30717.126
MinimumVisualStudioVersion = 10.0.40219.1
Project("{FAE04EC0-301F-11D3-BF4B-00C04F79EFBC}") = "SimpleServer", "SimpleServer\SimpleServer.csproj", "{0176A38A-4B69-400D-8604-5A8EBD212944}"
EndProject
Global
	GlobalSection(SolutionConfigurationPlatforms) = preSolution
		Debug|Any CPU = Debug|Any CPU
		Release|Any CPU = Release|Any CPU
	EndGlobalSection
	GlobalSection(ProjectConfigurationPlatforms) = postSolution
		{0176A38A-4B69-400D-8604-5A8EBD212944}.Debug|Any CPU.ActiveCfg = Debug|Any CPU
		{0176A38A-4B69-400D-8604-5A8EBD212944}.Debug|Any CPU.Build.0 = Debug|Any CPU
		{0176A38A-4B69-400D-8604-5A8EBD212944}.Debug|Any CPU.Deploy.0 = Debug|Any CPU
		{0176A38A-4B69-400D-8604-5A8EBD212944}.Release|Any CPU.ActiveCfg = Release|Any CPU
		{0176A38A-4B69-400D-8604-5A8EBD212944}.Release|Any CPU.Build.0 = Release|Any CPU
		{0176A38A-4B69-400D-8604-5A8EBD212944}.Release|Any CPU.Deploy.0 = Release|Any CPU
	EndGlobalSection
	GlobalSection(SolutionProperties) = preSolution
		HideSolutionNode = FALSE
	EndGlobalSection
	GlobalSection(ExtensibilityGlobals) = postSolution
		SolutionGuid = {02796358-B4BF-42E3-A762-D5BEC90B1CEE}
	EndGlobalSection
EndGlobal
