
Microsoft Visual Studio Solution File, Format Version 12.00
# Visual Studio Version 16
VisualStudioVersion = 16.0.30517.126
MinimumVisualStudioVersion = 10.0.40219.1
Project("{FAE04EC0-301F-11D3-BF4B-00C04F79EFBC}") = "BindError", "BindError.csproj", "{A956D88F-10A2-4510-94E0-EBC7C8A060B9}"
EndProject
Global
	GlobalSection(SolutionConfigurationPlatforms) = preSolution
		Debug|Any CPU = Debug|Any CPU
		Release|Any CPU = Release|Any CPU
	EndGlobalSection
	GlobalSection(ProjectConfigurationPlatforms) = postSolution
		{A956D88F-10A2-4510-94E0-EBC7C8A060B9}.Debug|Any CPU.ActiveCfg = Debug|Any CPU
		{A956D88F-10A2-4510-94E0-EBC7C8A060B9}.Debug|Any CPU.Build.0 = Debug|Any CPU
		{A956D88F-10A2-4510-94E0-EBC7C8A060B9}.Debug|Any CPU.Deploy.0 = Debug|Any CPU
		{A956D88F-10A2-4510-94E0-EBC7C8A060B9}.Release|Any CPU.ActiveCfg = Release|Any CPU
		{A956D88F-10A2-4510-94E0-EBC7C8A060B9}.Release|Any CPU.Build.0 = Release|Any CPU
		{A956D88F-10A2-4510-94E0-EBC7C8A060B9}.Release|Any CPU.Deploy.0 = Release|Any CPU
	EndGlobalSection
	GlobalSection(SolutionProperties) = preSolution
		HideSolutionNode = FALSE
	EndGlobalSection
	GlobalSection(ExtensibilityGlobals) = postSolution
		SolutionGuid = {03306EF2-410C-4408-AAD7-66853ABF085C}
	EndGlobalSection
EndGlobal
