
Microsoft Visual Studio Solution File, Format Version 12.00
# Visual Studio Version 16
VisualStudioVersion = 16.0.29418.71
MinimumVisualStudioVersion = 10.0.40219.1
Project("{9A19103F-16F7-4668-BE54-9A1E7A4F7556}") = "Bytewizer.Extensions.Console", "console\src\Bytewizer.Extensions.Console.csproj", "{81DD930A-3D12-4506-9935-337D3864A521}"
EndProject
Project("{9A19103F-16F7-4668-BE54-9A1E7A4F7556}") = "Bytewizer.Extensions.Console.Test", "console\test\Bytewizer.Extensions.Console.Test.csproj", "{06ADCFA3-6CE4-412A-8B3A-73A285A137A4}"
EndProject
Global
	GlobalSection(SolutionConfigurationPlatforms) = preSolution
		Debug|Any CPU = Debug|Any CPU
		Release|Any CPU = Release|Any CPU
	EndGlobalSection
	GlobalSection(ProjectConfigurationPlatforms) = postSolution
		{81DD930A-3D12-4506-9935-337D3864A521}.Debug|Any CPU.ActiveCfg = Debug|Any CPU
		{81DD930A-3D12-4506-9935-337D3864A521}.Debug|Any CPU.Build.0 = Debug|Any CPU
		{81DD930A-3D12-4506-9935-337D3864A521}.Release|Any CPU.ActiveCfg = Release|Any CPU
		{81DD930A-3D12-4506-9935-337D3864A521}.Release|Any CPU.Build.0 = Release|Any CPU
		{06ADCFA3-6CE4-412A-8B3A-73A285A137A4}.Debug|Any CPU.ActiveCfg = Debug|Any CPU
		{06ADCFA3-6CE4-412A-8B3A-73A285A137A4}.Debug|Any CPU.Build.0 = Debug|Any CPU
		{06ADCFA3-6CE4-412A-8B3A-73A285A137A4}.Release|Any CPU.ActiveCfg = Release|Any CPU
		{06ADCFA3-6CE4-412A-8B3A-73A285A137A4}.Release|Any CPU.Build.0 = Release|Any CPU
	EndGlobalSection
	GlobalSection(SolutionProperties) = preSolution
		HideSolutionNode = FALSE
	EndGlobalSection
	GlobalSection(ExtensibilityGlobals) = postSolution
		SolutionGuid = {A1AF4F38-F247-4E99-9F7A-34FABE4F2E39}
	EndGlobalSection
EndGlobal
