
Microsoft Visual Studio Solution File, Format Version 12.00
# Visual Studio Version 16
VisualStudioVersion = 16.0.30517.126
MinimumVisualStudioVersion = 10.0.40219.1
Project("{FAE04EC0-301F-11D3-BF4B-00C04F79EFBC}") = "BindError", "BindError.csproj", "{2A1EE69E-E4C5-48F4-9FF6-65FBC3647843}"
EndProject
Global
	GlobalSection(SolutionConfigurationPlatforms) = preSolution
		Debug|Any CPU = Debug|Any CPU
		Release|Any CPU = Release|Any CPU
	EndGlobalSection
	GlobalSection(ProjectConfigurationPlatforms) = postSolution
		{2A1EE69E-E4C5-48F4-9FF6-65FBC3647843}.Debug|Any CPU.ActiveCfg = Debug|Any CPU
		{2A1EE69E-E4C5-48F4-9FF6-65FBC3647843}.Debug|Any CPU.Build.0 = Debug|Any CPU
		{2A1EE69E-E4C5-48F4-9FF6-65FBC3647843}.Release|Any CPU.ActiveCfg = Release|Any CPU
		{2A1EE69E-E4C5-48F4-9FF6-65FBC3647843}.Release|Any CPU.Build.0 = Release|Any CPU
	EndGlobalSection
	GlobalSection(SolutionProperties) = preSolution
		HideSolutionNode = FALSE
	EndGlobalSection
	GlobalSection(ExtensibilityGlobals) = postSolution
		SolutionGuid = {D6D9951F-FBB2-40E3-9F6F-090D038CD499}
	EndGlobalSection
EndGlobal
