
Microsoft Visual Studio Solution File, Format Version 12.00
# Visual Studio Version 16
VisualStudioVersion = 16.0.30002.166
MinimumVisualStudioVersion = 10.0.40219.1
Project("{FAE04EC0-301F-11D3-BF4B-00C04F79EFBC}") = "Bytewizer.TinyCLR.Sockets", "..\src\sockets\Bytewizer.TinyCLR.Sockets.csproj", "{CECB4A63-1460-4721-96B1-7FCCEC0FAF84}"
EndProject
Project("{FAE04EC0-301F-11D3-BF4B-00C04F79EFBC}") = "Bytewizer.TinyCLR.Http", "..\src\http\Bytewizer.TinyCLR.Http.csproj", "{EB778176-633A-4997-A683-2C891C5DB436}"
EndProject
Project("{2150E333-8FDC-42A3-9474-1A3956D46DE8}") = "Playground", "Playground", "{4E3B2537-B6D2-419B-AACF-F243DC0F8A68}"
EndProject
Project("{FAE04EC0-301F-11D3-BF4B-00C04F79EFBC}") = "Bytewizer.TinyCLR.WebServer", "httpserver\Bytewizer.TinyCLR.WebServer.csproj", "{95FE6FB5-882C-4DBF-A242-3EB6BB19202A}"
EndProject
Project("{FAE04EC0-301F-11D3-BF4B-00C04F79EFBC}") = "Bytewizer.TinyCLR.TinyServer", "tinyserver\Bytewizer.TinyCLR.TinyServer.csproj", "{91CC8551-13E4-4FF0-90A3-E6AE1FE1F1B5}"
EndProject
Project("{FAE04EC0-301F-11D3-BF4B-00C04F79EFBC}") = "Bytewizer.TinyCLR.Http.StaticFiles", "..\src\staticfiles\Bytewizer.TinyCLR.Http.StaticFiles.csproj", "{2DD3D5AB-D849-4898-B6E9-1A49683955B2}"
EndProject
Project("{FAE04EC0-301F-11D3-BF4B-00C04F79EFBC}") = "Bytewizer.TinyCLR.Http.Authentication", "..\src\authentication\Bytewizer.TinyCLR.Http.Authentication.csproj", "{A94B42E0-7FCC-448F-9645-6732ABA96F28}"
EndProject
Project("{FAE04EC0-301F-11D3-BF4B-00C04F79EFBC}") = "Bytewizer.TinyCLR.Http.Mvc", "..\src\mvc\Bytewizer.TinyCLR.Http.Mvc.csproj", "{15C6A7FC-1C29-471B-B57A-08D61C58FA08}"
EndProject
Project("{FAE04EC0-301F-11D3-BF4B-00C04F79EFBC}") = "Bytewizer.TinyCLR.Http.Routing", "..\src\routing\Bytewizer.TinyCLR.Http.Routing.csproj", "{C57CD6AF-268A-46E1-BDD4-073A6B69B5A5}"
EndProject
Global
	GlobalSection(SolutionConfigurationPlatforms) = preSolution
		Debug|Any CPU = Debug|Any CPU
		Release|Any CPU = Release|Any CPU
	EndGlobalSection
	GlobalSection(ProjectConfigurationPlatforms) = postSolution
		{CECB4A63-1460-4721-96B1-7FCCEC0FAF84}.Debug|Any CPU.ActiveCfg = Debug|Any CPU
		{CECB4A63-1460-4721-96B1-7FCCEC0FAF84}.Debug|Any CPU.Build.0 = Debug|Any CPU
		{CECB4A63-1460-4721-96B1-7FCCEC0FAF84}.Release|Any CPU.ActiveCfg = Release|Any CPU
		{CECB4A63-1460-4721-96B1-7FCCEC0FAF84}.Release|Any CPU.Build.0 = Release|Any CPU
		{EB778176-633A-4997-A683-2C891C5DB436}.Debug|Any CPU.ActiveCfg = Debug|Any CPU
		{EB778176-633A-4997-A683-2C891C5DB436}.Debug|Any CPU.Build.0 = Debug|Any CPU
		{EB778176-633A-4997-A683-2C891C5DB436}.Release|Any CPU.ActiveCfg = Release|Any CPU
		{EB778176-633A-4997-A683-2C891C5DB436}.Release|Any CPU.Build.0 = Release|Any CPU
		{95FE6FB5-882C-4DBF-A242-3EB6BB19202A}.Debug|Any CPU.ActiveCfg = Debug|Any CPU
		{95FE6FB5-882C-4DBF-A242-3EB6BB19202A}.Debug|Any CPU.Build.0 = Debug|Any CPU
		{95FE6FB5-882C-4DBF-A242-3EB6BB19202A}.Debug|Any CPU.Deploy.0 = Debug|Any CPU
		{95FE6FB5-882C-4DBF-A242-3EB6BB19202A}.Release|Any CPU.ActiveCfg = Release|Any CPU
		{95FE6FB5-882C-4DBF-A242-3EB6BB19202A}.Release|Any CPU.Build.0 = Release|Any CPU
		{95FE6FB5-882C-4DBF-A242-3EB6BB19202A}.Release|Any CPU.Deploy.0 = Release|Any CPU
		{91CC8551-13E4-4FF0-90A3-E6AE1FE1F1B5}.Debug|Any CPU.ActiveCfg = Debug|Any CPU
		{91CC8551-13E4-4FF0-90A3-E6AE1FE1F1B5}.Debug|Any CPU.Build.0 = Debug|Any CPU
		{91CC8551-13E4-4FF0-90A3-E6AE1FE1F1B5}.Debug|Any CPU.Deploy.0 = Debug|Any CPU
		{91CC8551-13E4-4FF0-90A3-E6AE1FE1F1B5}.Release|Any CPU.ActiveCfg = Release|Any CPU
		{91CC8551-13E4-4FF0-90A3-E6AE1FE1F1B5}.Release|Any CPU.Build.0 = Release|Any CPU
		{91CC8551-13E4-4FF0-90A3-E6AE1FE1F1B5}.Release|Any CPU.Deploy.0 = Release|Any CPU
		{2DD3D5AB-D849-4898-B6E9-1A49683955B2}.Debug|Any CPU.ActiveCfg = Debug|Any CPU
		{2DD3D5AB-D849-4898-B6E9-1A49683955B2}.Debug|Any CPU.Build.0 = Debug|Any CPU
		{2DD3D5AB-D849-4898-B6E9-1A49683955B2}.Release|Any CPU.ActiveCfg = Release|Any CPU
		{2DD3D5AB-D849-4898-B6E9-1A49683955B2}.Release|Any CPU.Build.0 = Release|Any CPU
		{A94B42E0-7FCC-448F-9645-6732ABA96F28}.Debug|Any CPU.ActiveCfg = Debug|Any CPU
		{A94B42E0-7FCC-448F-9645-6732ABA96F28}.Debug|Any CPU.Build.0 = Debug|Any CPU
		{A94B42E0-7FCC-448F-9645-6732ABA96F28}.Release|Any CPU.ActiveCfg = Release|Any CPU
		{A94B42E0-7FCC-448F-9645-6732ABA96F28}.Release|Any CPU.Build.0 = Release|Any CPU
		{15C6A7FC-1C29-471B-B57A-08D61C58FA08}.Debug|Any CPU.ActiveCfg = Debug|Any CPU
		{15C6A7FC-1C29-471B-B57A-08D61C58FA08}.Debug|Any CPU.Build.0 = Debug|Any CPU
		{15C6A7FC-1C29-471B-B57A-08D61C58FA08}.Release|Any CPU.ActiveCfg = Release|Any CPU
		{15C6A7FC-1C29-471B-B57A-08D61C58FA08}.Release|Any CPU.Build.0 = Release|Any CPU
		{C57CD6AF-268A-46E1-BDD4-073A6B69B5A5}.Debug|Any CPU.ActiveCfg = Debug|Any CPU
		{C57CD6AF-268A-46E1-BDD4-073A6B69B5A5}.Debug|Any CPU.Build.0 = Debug|Any CPU
		{C57CD6AF-268A-46E1-BDD4-073A6B69B5A5}.Release|Any CPU.ActiveCfg = Release|Any CPU
		{C57CD6AF-268A-46E1-BDD4-073A6B69B5A5}.Release|Any CPU.Build.0 = Release|Any CPU
	EndGlobalSection
	GlobalSection(SolutionProperties) = preSolution
		HideSolutionNode = FALSE
	EndGlobalSection
	GlobalSection(NestedProjects) = preSolution
		{95FE6FB5-882C-4DBF-A242-3EB6BB19202A} = {4E3B2537-B6D2-419B-AACF-F243DC0F8A68}
		{91CC8551-13E4-4FF0-90A3-E6AE1FE1F1B5} = {4E3B2537-B6D2-419B-AACF-F243DC0F8A68}
	EndGlobalSection
	GlobalSection(ExtensibilityGlobals) = postSolution
		SolutionGuid = {C04E0A8C-D974-4A4F-9D49-9E9AC9A78F05}
	EndGlobalSection
EndGlobal
