
Microsoft Visual Studio Solution File, Format Version 12.00
# Visual Studio Version 16
VisualStudioVersion = 16.0.30002.166
MinimumVisualStudioVersion = 10.0.40219.1
Project("{2150E333-8FDC-42A3-9474-1A3956D46DE8}") = "Playground", "Playground", "{4E3B2537-B6D2-419B-AACF-F243DC0F8A68}"
EndProject
Project("{FAE04EC0-301F-11D3-BF4B-00C04F79EFBC}") = "Bytewizer.Playground.Pipeline", "pipeline\Bytewizer.Playground.Pipeline.csproj", "{745C8C5B-9ACD-4BCB-830A-64F7226A0D7E}"
EndProject
Project("{FAE04EC0-301F-11D3-BF4B-00C04F79EFBC}") = "Bytewizer.Playground.Sockets", "sockets\Bytewizer.Playground.Sockets.csproj", "{8A1BE3FA-45DC-41C0-98C8-3FBB31AF45E2}"
EndProject
Project("{FAE04EC0-301F-11D3-BF4B-00C04F79EFBC}") = "Bytewizer.TinyCLR.Pipeline", "..\src\Bytewizer.TinyCLR.Pipeline\Bytewizer.TinyCLR.Pipeline.csproj", "{8470EE70-1C41-45E4-8EDF-0D20CFEBFFD1}"
EndProject
Project("{FAE04EC0-301F-11D3-BF4B-00C04F79EFBC}") = "Bytewizer.TinyCLR.Sockets", "..\src\Bytewizer.TinyCLR.Sockets\Bytewizer.TinyCLR.Sockets.csproj", "{CECB4A63-1460-4721-96B1-7FCCEC0FAF84}"
EndProject
Project("{FAE04EC0-301F-11D3-BF4B-00C04F79EFBC}") = "Bytewizer.TinyCLR.Http", "..\src\Bytewizer.TinyCLR.Http\Bytewizer.TinyCLR.Http.csproj", "{EB778176-633A-4997-A683-2C891C5DB436}"
EndProject
Project("{FAE04EC0-301F-11D3-BF4B-00C04F79EFBC}") = "Bytewizer.TinyCLR.Http.StaticFiles", "..\src\Bytewizer.TinyCLR.Http.StaticFiles\Bytewizer.TinyCLR.Http.StaticFiles.csproj", "{2DD3D5AB-D849-4898-B6E9-1A49683955B2}"
EndProject
Project("{FAE04EC0-301F-11D3-BF4B-00C04F79EFBC}") = "Bytewizer.Playground.Mvc", "mvc\Bytewizer.Playground.Mvc.csproj", "{95FE6FB5-882C-4DBF-A242-3EB6BB19202A}"
EndProject
Project("{FAE04EC0-301F-11D3-BF4B-00C04F79EFBC}") = "Bytewizer.TinyCLR.Core", "..\src\Bytewizer.TinyCLR.Core\Bytewizer.TinyCLR.Core.csproj", "{70392D1D-6B78-46C8-9531-C02915742A46}"
EndProject
Project("{FAE04EC0-301F-11D3-BF4B-00C04F79EFBC}") = "Bytewizer.TinyCLR.Logging.Abstractions", "..\src\Bytewizer.TinyCLR.Logging.Abstractions\Bytewizer.TinyCLR.Logging.Abstractions.csproj", "{598D7917-49D1-4E76-BFF4-23221BAD7072}"
EndProject
Project("{FAE04EC0-301F-11D3-BF4B-00C04F79EFBC}") = "Bytewizer.TinyCLR.Logging", "..\src\Bytewizer.TinyCLR.Logging\Bytewizer.TinyCLR.Logging.csproj", "{D6D13310-C4A1-4409-B0E3-10F29F7FF262}"
EndProject
Project("{FAE04EC0-301F-11D3-BF4B-00C04F79EFBC}") = "Bytewizer.TinyCLR.Logging.Debug", "..\src\Bytewizer.TinyCLR.Logging.Debug\Bytewizer.TinyCLR.Logging.Debug.csproj", "{BE75C9F4-A4E1-4083-881D-AF55266EC7A7}"
EndProject
Project("{FAE04EC0-301F-11D3-BF4B-00C04F79EFBC}") = "Bytewizer.Playground.Http", "http\Bytewizer.Playground.Http.csproj", "{C9626E8D-1B8F-40BD-BCE2-04912279D7C0}"
EndProject
Project("{FAE04EC0-301F-11D3-BF4B-00C04F79EFBC}") = "Bytewizer.TinyCLR.Http.Mvc", "..\src\Bytewizer.TinyCLR.Http.Mvc\Bytewizer.TinyCLR.Http.Mvc.csproj", "{15C6A7FC-1C29-471B-B57A-08D61C58FA08}"
EndProject
Project("{FAE04EC0-301F-11D3-BF4B-00C04F79EFBC}") = "Bytewizer.Playground.StaticFiles", "staticfiles\Bytewizer.Playground.StaticFiles.csproj", "{3AE0F517-9774-446B-9CEF-EC3987E07B04}"
EndProject
Project("{FAE04EC0-301F-11D3-BF4B-00C04F79EFBC}") = "Bytewizer.TinyCLR.Hardware", "hardware\Bytewizer.TinyCLR.Hardware.csproj", "{BA1C8D90-3F6E-446F-B2A6-6FA48A42838E}"
EndProject
Project("{FAE04EC0-301F-11D3-BF4B-00C04F79EFBC}") = "Bytewizer.TinyCLR.Http.Authentication", "..\src\Bytewizer.TinyCLR.Http.Authentication\Bytewizer.TinyCLR.Http.Authentication.csproj", "{A94B42E0-7FCC-448F-9645-6732ABA96F28}"
EndProject
Project("{FAE04EC0-301F-11D3-BF4B-00C04F79EFBC}") = "Bytewizer.Playground.Authentication", "auth\Bytewizer.Playground.Authentication.csproj", "{FA56181A-1BA1-4006-A639-33778CCF9210}"
EndProject
Project("{FAE04EC0-301F-11D3-BF4B-00C04F79EFBC}") = "Bytewizer.TinyCLR.Netbios", "..\src\Bytewizer.TinyCLR.NetBios\Bytewizer.TinyCLR.Netbios.csproj", "{C21AFDC5-13EB-4B0C-8CC7-372C96E0870F}"
EndProject
Project("{FAE04EC0-301F-11D3-BF4B-00C04F79EFBC}") = "Bytewizer.TinyCLR.Http.Cors", "..\src\Bytewizer.TinyCLR.Http.Cors\Bytewizer.TinyCLR.Http.Cors.csproj", "{43458F16-E5CE-4731-BAB3-EF9B60D26A28}"
EndProject
Project("{FAE04EC0-301F-11D3-BF4B-00C04F79EFBC}") = "Bytewizer.Playground.Blazor", "blazor\Bytewizer.Playground.Blazor.csproj", "{1163838B-7F9B-46E1-97D4-405BC5853C3B}"
EndProject
Project("{FAE04EC0-301F-11D3-BF4B-00C04F79EFBC}") = "Bytewizer.Playground.WebSocket", "websocket\Bytewizer.Playground.WebSocket.csproj", "{395CAB3E-5CC1-4B73-9883-1EA0114896D0}"
EndProject
Project("{FAE04EC0-301F-11D3-BF4B-00C04F79EFBC}") = "Bytewizer.TinyCLR.Http.WebSockets", "..\src\Bytewizer.TinyCLR.Http.WebSocket\Bytewizer.TinyCLR.Http.WebSockets.csproj", "{968603C1-8EA5-4E4B-B5BE-4943CEFFB04E}"
EndProject
Project("{FAE04EC0-301F-11D3-BF4B-00C04F79EFBC}") = "Bytewizer.Playground.Cryptography", "crypto\Bytewizer.Playground.Cryptography.csproj", "{EB5E29C6-C7CE-437D-8207-8B4A73D6F4C6}"
EndProject
Project("{FAE04EC0-301F-11D3-BF4B-00C04F79EFBC}") = "Bytewizer.TinyCLR.Cryptography", "..\src\Bytewizer.TinyCLR.Cryptography\Bytewizer.TinyCLR.Cryptography.csproj", "{DC4E01F9-57C5-407A-A706-0EC3E5BC363F}"
EndProject
Project("{FAE04EC0-301F-11D3-BF4B-00C04F79EFBC}") = "Bytewizer.TinyCLR.Http.Cookies", "..\src\Bytewizer.TinyCLR.Http.Cookies\Bytewizer.TinyCLR.Http.Cookies.csproj", "{C560DE7A-02F3-4FB0-BD59-9C96138BD502}"
EndProject
Project("{FAE04EC0-301F-11D3-BF4B-00C04F79EFBC}") = "Bytewizer.TinyCLR.Http.Diagnostics", "..\src\Bytewizer.TinyCLR.Http.Diagnostics\Bytewizer.TinyCLR.Http.Diagnostics.csproj", "{5FADD03F-72E0-4A6A-81F7-FE4FA44FCB36}"
EndProject
Project("{FAE04EC0-301F-11D3-BF4B-00C04F79EFBC}") = "Bytewizer.Playground.Cookies", "cookies\Bytewizer.Playground.Cookies.csproj", "{7B10DA7D-3137-4053-8E07-E284988CF3FF}"
EndProject
Project("{FAE04EC0-301F-11D3-BF4B-00C04F79EFBC}") = "Bytewizer.Playground.Compression", "compression\Bytewizer.Playground.Compression.csproj", "{0ECFF333-9DBD-4F6F-A3BB-76A8F4412E4A}"
EndProject
Project("{FAE04EC0-301F-11D3-BF4B-00C04F79EFBC}") = "Bytewizer.TinyCLR.IO.Compression", "..\src\Bytewizer.TinyCLR.IO.Compression\Bytewizer.TinyCLR.IO.Compression.csproj", "{2FEF0009-3637-4CD5-8371-31530861A717}"
EndProject
Global
	GlobalSection(SolutionConfigurationPlatforms) = preSolution
		Debug|Any CPU = Debug|Any CPU
		Release|Any CPU = Release|Any CPU
	EndGlobalSection
	GlobalSection(ProjectConfigurationPlatforms) = postSolution
		{745C8C5B-9ACD-4BCB-830A-64F7226A0D7E}.Debug|Any CPU.ActiveCfg = Debug|Any CPU
		{745C8C5B-9ACD-4BCB-830A-64F7226A0D7E}.Debug|Any CPU.Build.0 = Debug|Any CPU
		{745C8C5B-9ACD-4BCB-830A-64F7226A0D7E}.Debug|Any CPU.Deploy.0 = Debug|Any CPU
		{745C8C5B-9ACD-4BCB-830A-64F7226A0D7E}.Release|Any CPU.ActiveCfg = Release|Any CPU
		{745C8C5B-9ACD-4BCB-830A-64F7226A0D7E}.Release|Any CPU.Build.0 = Release|Any CPU
		{745C8C5B-9ACD-4BCB-830A-64F7226A0D7E}.Release|Any CPU.Deploy.0 = Release|Any CPU
		{8A1BE3FA-45DC-41C0-98C8-3FBB31AF45E2}.Debug|Any CPU.ActiveCfg = Debug|Any CPU
		{8A1BE3FA-45DC-41C0-98C8-3FBB31AF45E2}.Debug|Any CPU.Build.0 = Debug|Any CPU
		{8A1BE3FA-45DC-41C0-98C8-3FBB31AF45E2}.Debug|Any CPU.Deploy.0 = Debug|Any CPU
		{8A1BE3FA-45DC-41C0-98C8-3FBB31AF45E2}.Release|Any CPU.ActiveCfg = Release|Any CPU
		{8A1BE3FA-45DC-41C0-98C8-3FBB31AF45E2}.Release|Any CPU.Build.0 = Release|Any CPU
		{8A1BE3FA-45DC-41C0-98C8-3FBB31AF45E2}.Release|Any CPU.Deploy.0 = Release|Any CPU
		{8470EE70-1C41-45E4-8EDF-0D20CFEBFFD1}.Debug|Any CPU.ActiveCfg = Debug|Any CPU
		{8470EE70-1C41-45E4-8EDF-0D20CFEBFFD1}.Debug|Any CPU.Build.0 = Debug|Any CPU
		{8470EE70-1C41-45E4-8EDF-0D20CFEBFFD1}.Release|Any CPU.ActiveCfg = Release|Any CPU
		{8470EE70-1C41-45E4-8EDF-0D20CFEBFFD1}.Release|Any CPU.Build.0 = Release|Any CPU
		{CECB4A63-1460-4721-96B1-7FCCEC0FAF84}.Debug|Any CPU.ActiveCfg = Debug|Any CPU
		{CECB4A63-1460-4721-96B1-7FCCEC0FAF84}.Debug|Any CPU.Build.0 = Debug|Any CPU
		{CECB4A63-1460-4721-96B1-7FCCEC0FAF84}.Release|Any CPU.ActiveCfg = Release|Any CPU
		{CECB4A63-1460-4721-96B1-7FCCEC0FAF84}.Release|Any CPU.Build.0 = Release|Any CPU
		{EB778176-633A-4997-A683-2C891C5DB436}.Debug|Any CPU.ActiveCfg = Debug|Any CPU
		{EB778176-633A-4997-A683-2C891C5DB436}.Debug|Any CPU.Build.0 = Debug|Any CPU
		{EB778176-633A-4997-A683-2C891C5DB436}.Release|Any CPU.ActiveCfg = Release|Any CPU
		{EB778176-633A-4997-A683-2C891C5DB436}.Release|Any CPU.Build.0 = Release|Any CPU
		{2DD3D5AB-D849-4898-B6E9-1A49683955B2}.Debug|Any CPU.ActiveCfg = Debug|Any CPU
		{2DD3D5AB-D849-4898-B6E9-1A49683955B2}.Debug|Any CPU.Build.0 = Debug|Any CPU
		{2DD3D5AB-D849-4898-B6E9-1A49683955B2}.Release|Any CPU.ActiveCfg = Release|Any CPU
		{2DD3D5AB-D849-4898-B6E9-1A49683955B2}.Release|Any CPU.Build.0 = Release|Any CPU
		{95FE6FB5-882C-4DBF-A242-3EB6BB19202A}.Debug|Any CPU.ActiveCfg = Debug|Any CPU
		{95FE6FB5-882C-4DBF-A242-3EB6BB19202A}.Debug|Any CPU.Build.0 = Debug|Any CPU
		{95FE6FB5-882C-4DBF-A242-3EB6BB19202A}.Debug|Any CPU.Deploy.0 = Debug|Any CPU
		{95FE6FB5-882C-4DBF-A242-3EB6BB19202A}.Release|Any CPU.ActiveCfg = Release|Any CPU
		{95FE6FB5-882C-4DBF-A242-3EB6BB19202A}.Release|Any CPU.Build.0 = Release|Any CPU
		{95FE6FB5-882C-4DBF-A242-3EB6BB19202A}.Release|Any CPU.Deploy.0 = Release|Any CPU
		{70392D1D-6B78-46C8-9531-C02915742A46}.Debug|Any CPU.ActiveCfg = Debug|Any CPU
		{70392D1D-6B78-46C8-9531-C02915742A46}.Debug|Any CPU.Build.0 = Debug|Any CPU
		{70392D1D-6B78-46C8-9531-C02915742A46}.Release|Any CPU.ActiveCfg = Release|Any CPU
		{70392D1D-6B78-46C8-9531-C02915742A46}.Release|Any CPU.Build.0 = Release|Any CPU
		{598D7917-49D1-4E76-BFF4-23221BAD7072}.Debug|Any CPU.ActiveCfg = Debug|Any CPU
		{598D7917-49D1-4E76-BFF4-23221BAD7072}.Debug|Any CPU.Build.0 = Debug|Any CPU
		{598D7917-49D1-4E76-BFF4-23221BAD7072}.Release|Any CPU.ActiveCfg = Release|Any CPU
		{598D7917-49D1-4E76-BFF4-23221BAD7072}.Release|Any CPU.Build.0 = Release|Any CPU
		{D6D13310-C4A1-4409-B0E3-10F29F7FF262}.Debug|Any CPU.ActiveCfg = Debug|Any CPU
		{D6D13310-C4A1-4409-B0E3-10F29F7FF262}.Debug|Any CPU.Build.0 = Debug|Any CPU
		{D6D13310-C4A1-4409-B0E3-10F29F7FF262}.Release|Any CPU.ActiveCfg = Release|Any CPU
		{D6D13310-C4A1-4409-B0E3-10F29F7FF262}.Release|Any CPU.Build.0 = Release|Any CPU
		{BE75C9F4-A4E1-4083-881D-AF55266EC7A7}.Debug|Any CPU.ActiveCfg = Debug|Any CPU
		{BE75C9F4-A4E1-4083-881D-AF55266EC7A7}.Debug|Any CPU.Build.0 = Debug|Any CPU
		{BE75C9F4-A4E1-4083-881D-AF55266EC7A7}.Release|Any CPU.ActiveCfg = Release|Any CPU
		{BE75C9F4-A4E1-4083-881D-AF55266EC7A7}.Release|Any CPU.Build.0 = Release|Any CPU
		{C9626E8D-1B8F-40BD-BCE2-04912279D7C0}.Debug|Any CPU.ActiveCfg = Debug|Any CPU
		{C9626E8D-1B8F-40BD-BCE2-04912279D7C0}.Debug|Any CPU.Build.0 = Debug|Any CPU
		{C9626E8D-1B8F-40BD-BCE2-04912279D7C0}.Debug|Any CPU.Deploy.0 = Debug|Any CPU
		{C9626E8D-1B8F-40BD-BCE2-04912279D7C0}.Release|Any CPU.ActiveCfg = Release|Any CPU
		{C9626E8D-1B8F-40BD-BCE2-04912279D7C0}.Release|Any CPU.Build.0 = Release|Any CPU
		{C9626E8D-1B8F-40BD-BCE2-04912279D7C0}.Release|Any CPU.Deploy.0 = Release|Any CPU
		{15C6A7FC-1C29-471B-B57A-08D61C58FA08}.Debug|Any CPU.ActiveCfg = Debug|Any CPU
		{15C6A7FC-1C29-471B-B57A-08D61C58FA08}.Debug|Any CPU.Build.0 = Debug|Any CPU
		{15C6A7FC-1C29-471B-B57A-08D61C58FA08}.Release|Any CPU.ActiveCfg = Release|Any CPU
		{15C6A7FC-1C29-471B-B57A-08D61C58FA08}.Release|Any CPU.Build.0 = Release|Any CPU
		{3AE0F517-9774-446B-9CEF-EC3987E07B04}.Debug|Any CPU.ActiveCfg = Debug|Any CPU
		{3AE0F517-9774-446B-9CEF-EC3987E07B04}.Debug|Any CPU.Build.0 = Debug|Any CPU
		{3AE0F517-9774-446B-9CEF-EC3987E07B04}.Debug|Any CPU.Deploy.0 = Debug|Any CPU
		{3AE0F517-9774-446B-9CEF-EC3987E07B04}.Release|Any CPU.ActiveCfg = Release|Any CPU
		{3AE0F517-9774-446B-9CEF-EC3987E07B04}.Release|Any CPU.Build.0 = Release|Any CPU
		{3AE0F517-9774-446B-9CEF-EC3987E07B04}.Release|Any CPU.Deploy.0 = Release|Any CPU
		{BA1C8D90-3F6E-446F-B2A6-6FA48A42838E}.Debug|Any CPU.ActiveCfg = Debug|Any CPU
		{BA1C8D90-3F6E-446F-B2A6-6FA48A42838E}.Debug|Any CPU.Build.0 = Debug|Any CPU
		{BA1C8D90-3F6E-446F-B2A6-6FA48A42838E}.Release|Any CPU.ActiveCfg = Release|Any CPU
		{BA1C8D90-3F6E-446F-B2A6-6FA48A42838E}.Release|Any CPU.Build.0 = Release|Any CPU
		{A94B42E0-7FCC-448F-9645-6732ABA96F28}.Debug|Any CPU.ActiveCfg = Debug|Any CPU
		{A94B42E0-7FCC-448F-9645-6732ABA96F28}.Debug|Any CPU.Build.0 = Debug|Any CPU
		{A94B42E0-7FCC-448F-9645-6732ABA96F28}.Release|Any CPU.ActiveCfg = Release|Any CPU
		{A94B42E0-7FCC-448F-9645-6732ABA96F28}.Release|Any CPU.Build.0 = Release|Any CPU
		{FA56181A-1BA1-4006-A639-33778CCF9210}.Debug|Any CPU.ActiveCfg = Debug|Any CPU
		{FA56181A-1BA1-4006-A639-33778CCF9210}.Debug|Any CPU.Build.0 = Debug|Any CPU
		{FA56181A-1BA1-4006-A639-33778CCF9210}.Debug|Any CPU.Deploy.0 = Debug|Any CPU
		{FA56181A-1BA1-4006-A639-33778CCF9210}.Release|Any CPU.ActiveCfg = Release|Any CPU
		{FA56181A-1BA1-4006-A639-33778CCF9210}.Release|Any CPU.Build.0 = Release|Any CPU
		{FA56181A-1BA1-4006-A639-33778CCF9210}.Release|Any CPU.Deploy.0 = Release|Any CPU
		{C21AFDC5-13EB-4B0C-8CC7-372C96E0870F}.Debug|Any CPU.ActiveCfg = Debug|Any CPU
		{C21AFDC5-13EB-4B0C-8CC7-372C96E0870F}.Debug|Any CPU.Build.0 = Debug|Any CPU
		{C21AFDC5-13EB-4B0C-8CC7-372C96E0870F}.Release|Any CPU.ActiveCfg = Release|Any CPU
		{C21AFDC5-13EB-4B0C-8CC7-372C96E0870F}.Release|Any CPU.Build.0 = Release|Any CPU
		{43458F16-E5CE-4731-BAB3-EF9B60D26A28}.Debug|Any CPU.ActiveCfg = Debug|Any CPU
		{43458F16-E5CE-4731-BAB3-EF9B60D26A28}.Debug|Any CPU.Build.0 = Debug|Any CPU
		{43458F16-E5CE-4731-BAB3-EF9B60D26A28}.Release|Any CPU.ActiveCfg = Release|Any CPU
		{43458F16-E5CE-4731-BAB3-EF9B60D26A28}.Release|Any CPU.Build.0 = Release|Any CPU
		{1163838B-7F9B-46E1-97D4-405BC5853C3B}.Debug|Any CPU.ActiveCfg = Debug|Any CPU
		{1163838B-7F9B-46E1-97D4-405BC5853C3B}.Debug|Any CPU.Build.0 = Debug|Any CPU
		{1163838B-7F9B-46E1-97D4-405BC5853C3B}.Debug|Any CPU.Deploy.0 = Debug|Any CPU
		{1163838B-7F9B-46E1-97D4-405BC5853C3B}.Release|Any CPU.ActiveCfg = Release|Any CPU
		{1163838B-7F9B-46E1-97D4-405BC5853C3B}.Release|Any CPU.Build.0 = Release|Any CPU
		{1163838B-7F9B-46E1-97D4-405BC5853C3B}.Release|Any CPU.Deploy.0 = Release|Any CPU
		{395CAB3E-5CC1-4B73-9883-1EA0114896D0}.Debug|Any CPU.ActiveCfg = Debug|Any CPU
		{395CAB3E-5CC1-4B73-9883-1EA0114896D0}.Debug|Any CPU.Build.0 = Debug|Any CPU
		{395CAB3E-5CC1-4B73-9883-1EA0114896D0}.Debug|Any CPU.Deploy.0 = Debug|Any CPU
		{395CAB3E-5CC1-4B73-9883-1EA0114896D0}.Release|Any CPU.ActiveCfg = Release|Any CPU
		{395CAB3E-5CC1-4B73-9883-1EA0114896D0}.Release|Any CPU.Build.0 = Release|Any CPU
		{395CAB3E-5CC1-4B73-9883-1EA0114896D0}.Release|Any CPU.Deploy.0 = Release|Any CPU
		{968603C1-8EA5-4E4B-B5BE-4943CEFFB04E}.Debug|Any CPU.ActiveCfg = Debug|Any CPU
		{968603C1-8EA5-4E4B-B5BE-4943CEFFB04E}.Debug|Any CPU.Build.0 = Debug|Any CPU
		{968603C1-8EA5-4E4B-B5BE-4943CEFFB04E}.Release|Any CPU.ActiveCfg = Release|Any CPU
		{968603C1-8EA5-4E4B-B5BE-4943CEFFB04E}.Release|Any CPU.Build.0 = Release|Any CPU
		{EB5E29C6-C7CE-437D-8207-8B4A73D6F4C6}.Debug|Any CPU.ActiveCfg = Debug|Any CPU
		{EB5E29C6-C7CE-437D-8207-8B4A73D6F4C6}.Debug|Any CPU.Build.0 = Debug|Any CPU
		{EB5E29C6-C7CE-437D-8207-8B4A73D6F4C6}.Debug|Any CPU.Deploy.0 = Debug|Any CPU
		{EB5E29C6-C7CE-437D-8207-8B4A73D6F4C6}.Release|Any CPU.ActiveCfg = Release|Any CPU
		{EB5E29C6-C7CE-437D-8207-8B4A73D6F4C6}.Release|Any CPU.Build.0 = Release|Any CPU
		{EB5E29C6-C7CE-437D-8207-8B4A73D6F4C6}.Release|Any CPU.Deploy.0 = Release|Any CPU
		{DC4E01F9-57C5-407A-A706-0EC3E5BC363F}.Debug|Any CPU.ActiveCfg = Debug|Any CPU
		{DC4E01F9-57C5-407A-A706-0EC3E5BC363F}.Debug|Any CPU.Build.0 = Debug|Any CPU
		{DC4E01F9-57C5-407A-A706-0EC3E5BC363F}.Release|Any CPU.ActiveCfg = Release|Any CPU
		{DC4E01F9-57C5-407A-A706-0EC3E5BC363F}.Release|Any CPU.Build.0 = Release|Any CPU
		{C560DE7A-02F3-4FB0-BD59-9C96138BD502}.Debug|Any CPU.ActiveCfg = Debug|Any CPU
		{C560DE7A-02F3-4FB0-BD59-9C96138BD502}.Debug|Any CPU.Build.0 = Debug|Any CPU
		{C560DE7A-02F3-4FB0-BD59-9C96138BD502}.Release|Any CPU.ActiveCfg = Release|Any CPU
		{C560DE7A-02F3-4FB0-BD59-9C96138BD502}.Release|Any CPU.Build.0 = Release|Any CPU
		{5FADD03F-72E0-4A6A-81F7-FE4FA44FCB36}.Debug|Any CPU.ActiveCfg = Debug|Any CPU
		{5FADD03F-72E0-4A6A-81F7-FE4FA44FCB36}.Debug|Any CPU.Build.0 = Debug|Any CPU
		{5FADD03F-72E0-4A6A-81F7-FE4FA44FCB36}.Release|Any CPU.ActiveCfg = Release|Any CPU
		{5FADD03F-72E0-4A6A-81F7-FE4FA44FCB36}.Release|Any CPU.Build.0 = Release|Any CPU
		{7B10DA7D-3137-4053-8E07-E284988CF3FF}.Debug|Any CPU.ActiveCfg = Debug|Any CPU
		{7B10DA7D-3137-4053-8E07-E284988CF3FF}.Debug|Any CPU.Build.0 = Debug|Any CPU
		{7B10DA7D-3137-4053-8E07-E284988CF3FF}.Debug|Any CPU.Deploy.0 = Debug|Any CPU
		{7B10DA7D-3137-4053-8E07-E284988CF3FF}.Release|Any CPU.ActiveCfg = Release|Any CPU
		{7B10DA7D-3137-4053-8E07-E284988CF3FF}.Release|Any CPU.Build.0 = Release|Any CPU
		{7B10DA7D-3137-4053-8E07-E284988CF3FF}.Release|Any CPU.Deploy.0 = Release|Any CPU
		{0ECFF333-9DBD-4F6F-A3BB-76A8F4412E4A}.Debug|Any CPU.ActiveCfg = Debug|Any CPU
		{0ECFF333-9DBD-4F6F-A3BB-76A8F4412E4A}.Debug|Any CPU.Build.0 = Debug|Any CPU
		{0ECFF333-9DBD-4F6F-A3BB-76A8F4412E4A}.Debug|Any CPU.Deploy.0 = Debug|Any CPU
		{0ECFF333-9DBD-4F6F-A3BB-76A8F4412E4A}.Release|Any CPU.ActiveCfg = Release|Any CPU
		{0ECFF333-9DBD-4F6F-A3BB-76A8F4412E4A}.Release|Any CPU.Build.0 = Release|Any CPU
		{0ECFF333-9DBD-4F6F-A3BB-76A8F4412E4A}.Release|Any CPU.Deploy.0 = Release|Any CPU
		{2FEF0009-3637-4CD5-8371-31530861A717}.Debug|Any CPU.ActiveCfg = Debug|Any CPU
		{2FEF0009-3637-4CD5-8371-31530861A717}.Debug|Any CPU.Build.0 = Debug|Any CPU
		{2FEF0009-3637-4CD5-8371-31530861A717}.Release|Any CPU.ActiveCfg = Release|Any CPU
		{2FEF0009-3637-4CD5-8371-31530861A717}.Release|Any CPU.Build.0 = Release|Any CPU
	EndGlobalSection
	GlobalSection(SolutionProperties) = preSolution
		HideSolutionNode = FALSE
	EndGlobalSection
	GlobalSection(NestedProjects) = preSolution
		{745C8C5B-9ACD-4BCB-830A-64F7226A0D7E} = {4E3B2537-B6D2-419B-AACF-F243DC0F8A68}
		{8A1BE3FA-45DC-41C0-98C8-3FBB31AF45E2} = {4E3B2537-B6D2-419B-AACF-F243DC0F8A68}
		{95FE6FB5-882C-4DBF-A242-3EB6BB19202A} = {4E3B2537-B6D2-419B-AACF-F243DC0F8A68}
		{C9626E8D-1B8F-40BD-BCE2-04912279D7C0} = {4E3B2537-B6D2-419B-AACF-F243DC0F8A68}
		{3AE0F517-9774-446B-9CEF-EC3987E07B04} = {4E3B2537-B6D2-419B-AACF-F243DC0F8A68}
		{BA1C8D90-3F6E-446F-B2A6-6FA48A42838E} = {4E3B2537-B6D2-419B-AACF-F243DC0F8A68}
		{FA56181A-1BA1-4006-A639-33778CCF9210} = {4E3B2537-B6D2-419B-AACF-F243DC0F8A68}
		{1163838B-7F9B-46E1-97D4-405BC5853C3B} = {4E3B2537-B6D2-419B-AACF-F243DC0F8A68}
		{395CAB3E-5CC1-4B73-9883-1EA0114896D0} = {4E3B2537-B6D2-419B-AACF-F243DC0F8A68}
		{EB5E29C6-C7CE-437D-8207-8B4A73D6F4C6} = {4E3B2537-B6D2-419B-AACF-F243DC0F8A68}
		{7B10DA7D-3137-4053-8E07-E284988CF3FF} = {4E3B2537-B6D2-419B-AACF-F243DC0F8A68}
		{0ECFF333-9DBD-4F6F-A3BB-76A8F4412E4A} = {4E3B2537-B6D2-419B-AACF-F243DC0F8A68}
	EndGlobalSection
	GlobalSection(ExtensibilityGlobals) = postSolution
		SolutionGuid = {C04E0A8C-D974-4A4F-9D49-9E9AC9A78F05}
	EndGlobalSection
EndGlobal
