
Microsoft Visual Studio Solution File, Format Version 12.00
# Visual Studio Version 16
VisualStudioVersion = 16.0.30413.136
MinimumVisualStudioVersion = 10.0.40219.1
Project("{FAE04EC0-301F-11D3-BF4B-00C04F79EFBC}") = "Bytewizer.TinyCLR.Pipeline", "Bytewizer.TinyCLR.Pipeline\Bytewizer.TinyCLR.Pipeline.csproj", "{8470EE70-1C41-45E4-8EDF-0D20CFEBFFD1}"
EndProject
Project("{FAE04EC0-301F-11D3-BF4B-00C04F79EFBC}") = "Bytewizer.TinyCLR.Sockets", "Bytewizer.TinyCLR.Sockets\Bytewizer.TinyCLR.Sockets.csproj", "{CECB4A63-1460-4721-96B1-7FCCEC0FAF84}"
EndProject
Project("{FAE04EC0-301F-11D3-BF4B-00C04F79EFBC}") = "Bytewizer.TinyCLR.Http", "Bytewizer.TinyCLR.Http\Bytewizer.TinyCLR.Http.csproj", "{EB778176-633A-4997-A683-2C891C5DB436}"
EndProject
Project("{FAE04EC0-301F-11D3-BF4B-00C04F79EFBC}") = "Bytewizer.TinyCLR.Http.Mvc", "Bytewizer.TinyCLR.Http.Mvc\Bytewizer.TinyCLR.Http.Mvc.csproj", "{15C6A7FC-1C29-471B-B57A-08D61C58FA08}"
EndProject
Project("{FAE04EC0-301F-11D3-BF4B-00C04F79EFBC}") = "Bytewizer.TinyCLR.Core", "Bytewizer.TinyCLR.Core\Bytewizer.TinyCLR.Core.csproj", "{70392D1D-6B78-46C8-9531-C02915742A46}"
EndProject
Project("{FAE04EC0-301F-11D3-BF4B-00C04F79EFBC}") = "Bytewizer.TinyCLR.Http.StaticFiles", "Bytewizer.TinyCLR.Http.StaticFiles\Bytewizer.TinyCLR.Http.StaticFiles.csproj", "{2DD3D5AB-D849-4898-B6E9-1A49683955B2}"
EndProject
Project("{FAE04EC0-301F-11D3-BF4B-00C04F79EFBC}") = "Bytewizer.TinyCLR.Logging.Abstractions", "Bytewizer.TinyCLR.Logging.Abstractions\Bytewizer.TinyCLR.Logging.Abstractions.csproj", "{598D7917-49D1-4E76-BFF4-23221BAD7072}"
EndProject
Project("{FAE04EC0-301F-11D3-BF4B-00C04F79EFBC}") = "Bytewizer.TinyCLR.Logging", "Bytewizer.TinyCLR.Logging\Bytewizer.TinyCLR.Logging.csproj", "{D6D13310-C4A1-4409-B0E3-10F29F7FF262}"
EndProject
Project("{FAE04EC0-301F-11D3-BF4B-00C04F79EFBC}") = "Bytewizer.TinyCLR.Logging.Debug", "Bytewizer.TinyCLR.Logging.Debug\Bytewizer.TinyCLR.Logging.Debug.csproj", "{BE75C9F4-A4E1-4083-881D-AF55266EC7A7}"
EndProject
Project("{FAE04EC0-301F-11D3-BF4B-00C04F79EFBC}") = "Bytewizer.TinyCLR.Http.Authentication", "Bytewizer.TinyCLR.Http.Authentication\Bytewizer.TinyCLR.Http.Authentication.csproj", "{A94B42E0-7FCC-448F-9645-6732ABA96F28}"
EndProject
Project("{FAE04EC0-301F-11D3-BF4B-00C04F79EFBC}") = "Bytewizer.TinyCLR.Http.Cors", "Bytewizer.TinyCLR.Http.Cors\Bytewizer.TinyCLR.Http.Cors.csproj", "{43458F16-E5CE-4731-BAB3-EF9B60D26A28}"
EndProject
Project("{FAE04EC0-301F-11D3-BF4B-00C04F79EFBC}") = "Bytewizer.TinyCLR.Http.WebSockets", "Bytewizer.TinyCLR.Http.WebSocket\Bytewizer.TinyCLR.Http.WebSockets.csproj", "{968603C1-8EA5-4E4B-B5BE-4943CEFFB04E}"
EndProject
Project("{FAE04EC0-301F-11D3-BF4B-00C04F79EFBC}") = "Bytewizer.TinyCLR.Cryptography", "Bytewizer.TinyCLR.Cryptography\Bytewizer.TinyCLR.Cryptography.csproj", "{DC4E01F9-57C5-407A-A706-0EC3E5BC363F}"
EndProject
Project("{FAE04EC0-301F-11D3-BF4B-00C04F79EFBC}") = "Bytewizer.TinyCLR.Http.Cookies", "Bytewizer.TinyCLR.Http.Cookies\Bytewizer.TinyCLR.Http.Cookies.csproj", "{C560DE7A-02F3-4FB0-BD59-9C96138BD502}"
EndProject
Project("{FAE04EC0-301F-11D3-BF4B-00C04F79EFBC}") = "Bytewizer.TinyCLR.Http.Diagnostics", "Bytewizer.TinyCLR.Http.Diagnostics\Bytewizer.TinyCLR.Http.Diagnostics.csproj", "{5FADD03F-72E0-4A6A-81F7-FE4FA44FCB36}"
EndProject
Project("{FAE04EC0-301F-11D3-BF4B-00C04F79EFBC}") = "Bytewizer.TinyCLR.IO.Compression", "Bytewizer.TinyCLR.IO.Compression\Bytewizer.TinyCLR.IO.Compression.csproj", "{2FEF0009-3637-4CD5-8371-31530861A717}"
EndProject
Global
	GlobalSection(SolutionConfigurationPlatforms) = preSolution
		Debug|Any CPU = Debug|Any CPU
		Release|Any CPU = Release|Any CPU
	EndGlobalSection
	GlobalSection(ProjectConfigurationPlatforms) = postSolution
		{8470EE70-1C41-45E4-8EDF-0D20CFEBFFD1}.Debug|Any CPU.ActiveCfg = Debug|Any CPU
		{8470EE70-1C41-45E4-8EDF-0D20CFEBFFD1}.Debug|Any CPU.Build.0 = Debug|Any CPU
		{8470EE70-1C41-45E4-8EDF-0D20CFEBFFD1}.Release|Any CPU.ActiveCfg = Release|Any CPU
		{8470EE70-1C41-45E4-8EDF-0D20CFEBFFD1}.Release|Any CPU.Build.0 = Release|Any CPU
		{CECB4A63-1460-4721-96B1-7FCCEC0FAF84}.Debug|Any CPU.ActiveCfg = Debug|Any CPU
		{CECB4A63-1460-4721-96B1-7FCCEC0FAF84}.Debug|Any CPU.Build.0 = Debug|Any CPU
		{CECB4A63-1460-4721-96B1-7FCCEC0FAF84}.Release|Any CPU.ActiveCfg = Release|Any CPU
		{CECB4A63-1460-4721-96B1-7FCCEC0FAF84}.Release|Any CPU.Build.0 = Release|Any CPU
		{EB778176-633A-4997-A683-2C891C5DB436}.Debug|Any CPU.ActiveCfg = Debug|Any CPU
		{EB778176-633A-4997-A683-2C891C5DB436}.Debug|Any CPU.Build.0 = Debug|Any CPU
		{EB778176-633A-4997-A683-2C891C5DB436}.Release|Any CPU.ActiveCfg = Release|Any CPU
		{EB778176-633A-4997-A683-2C891C5DB436}.Release|Any CPU.Build.0 = Release|Any CPU
		{15C6A7FC-1C29-471B-B57A-08D61C58FA08}.Debug|Any CPU.ActiveCfg = Debug|Any CPU
		{15C6A7FC-1C29-471B-B57A-08D61C58FA08}.Debug|Any CPU.Build.0 = Debug|Any CPU
		{15C6A7FC-1C29-471B-B57A-08D61C58FA08}.Release|Any CPU.ActiveCfg = Release|Any CPU
		{15C6A7FC-1C29-471B-B57A-08D61C58FA08}.Release|Any CPU.Build.0 = Release|Any CPU
		{70392D1D-6B78-46C8-9531-C02915742A46}.Debug|Any CPU.ActiveCfg = Debug|Any CPU
		{70392D1D-6B78-46C8-9531-C02915742A46}.Debug|Any CPU.Build.0 = Debug|Any CPU
		{70392D1D-6B78-46C8-9531-C02915742A46}.Release|Any CPU.ActiveCfg = Release|Any CPU
		{70392D1D-6B78-46C8-9531-C02915742A46}.Release|Any CPU.Build.0 = Release|Any CPU
		{2DD3D5AB-D849-4898-B6E9-1A49683955B2}.Debug|Any CPU.ActiveCfg = Debug|Any CPU
		{2DD3D5AB-D849-4898-B6E9-1A49683955B2}.Debug|Any CPU.Build.0 = Debug|Any CPU
		{2DD3D5AB-D849-4898-B6E9-1A49683955B2}.Release|Any CPU.ActiveCfg = Release|Any CPU
		{2DD3D5AB-D849-4898-B6E9-1A49683955B2}.Release|Any CPU.Build.0 = Release|Any CPU
		{598D7917-49D1-4E76-BFF4-23221BAD7072}.Debug|Any CPU.ActiveCfg = Debug|Any CPU
		{598D7917-49D1-4E76-BFF4-23221BAD7072}.Debug|Any CPU.Build.0 = Debug|Any CPU
		{598D7917-49D1-4E76-BFF4-23221BAD7072}.Release|Any CPU.ActiveCfg = Release|Any CPU
		{598D7917-49D1-4E76-BFF4-23221BAD7072}.Release|Any CPU.Build.0 = Release|Any CPU
		{D6D13310-C4A1-4409-B0E3-10F29F7FF262}.Debug|Any CPU.ActiveCfg = Debug|Any CPU
		{D6D13310-C4A1-4409-B0E3-10F29F7FF262}.Debug|Any CPU.Build.0 = Debug|Any CPU
		{D6D13310-C4A1-4409-B0E3-10F29F7FF262}.Release|Any CPU.ActiveCfg = Release|Any CPU
		{D6D13310-C4A1-4409-B0E3-10F29F7FF262}.Release|Any CPU.Build.0 = Release|Any CPU
		{BE75C9F4-A4E1-4083-881D-AF55266EC7A7}.Debug|Any CPU.ActiveCfg = Debug|Any CPU
		{BE75C9F4-A4E1-4083-881D-AF55266EC7A7}.Debug|Any CPU.Build.0 = Debug|Any CPU
		{BE75C9F4-A4E1-4083-881D-AF55266EC7A7}.Release|Any CPU.ActiveCfg = Release|Any CPU
		{BE75C9F4-A4E1-4083-881D-AF55266EC7A7}.Release|Any CPU.Build.0 = Release|Any CPU
		{A94B42E0-7FCC-448F-9645-6732ABA96F28}.Debug|Any CPU.ActiveCfg = Debug|Any CPU
		{A94B42E0-7FCC-448F-9645-6732ABA96F28}.Debug|Any CPU.Build.0 = Debug|Any CPU
		{A94B42E0-7FCC-448F-9645-6732ABA96F28}.Release|Any CPU.ActiveCfg = Release|Any CPU
		{A94B42E0-7FCC-448F-9645-6732ABA96F28}.Release|Any CPU.Build.0 = Release|Any CPU
		{43458F16-E5CE-4731-BAB3-EF9B60D26A28}.Debug|Any CPU.ActiveCfg = Debug|Any CPU
		{43458F16-E5CE-4731-BAB3-EF9B60D26A28}.Debug|Any CPU.Build.0 = Debug|Any CPU
		{43458F16-E5CE-4731-BAB3-EF9B60D26A28}.Release|Any CPU.ActiveCfg = Release|Any CPU
		{43458F16-E5CE-4731-BAB3-EF9B60D26A28}.Release|Any CPU.Build.0 = Release|Any CPU
		{968603C1-8EA5-4E4B-B5BE-4943CEFFB04E}.Debug|Any CPU.ActiveCfg = Debug|Any CPU
		{968603C1-8EA5-4E4B-B5BE-4943CEFFB04E}.Debug|Any CPU.Build.0 = Debug|Any CPU
		{968603C1-8EA5-4E4B-B5BE-4943CEFFB04E}.Release|Any CPU.ActiveCfg = Release|Any CPU
		{968603C1-8EA5-4E4B-B5BE-4943CEFFB04E}.Release|Any CPU.Build.0 = Release|Any CPU
		{DC4E01F9-57C5-407A-A706-0EC3E5BC363F}.Debug|Any CPU.ActiveCfg = Debug|Any CPU
		{DC4E01F9-57C5-407A-A706-0EC3E5BC363F}.Debug|Any CPU.Build.0 = Debug|Any CPU
		{DC4E01F9-57C5-407A-A706-0EC3E5BC363F}.Release|Any CPU.ActiveCfg = Release|Any CPU
		{DC4E01F9-57C5-407A-A706-0EC3E5BC363F}.Release|Any CPU.Build.0 = Release|Any CPU
		{C560DE7A-02F3-4FB0-BD59-9C96138BD502}.Debug|Any CPU.ActiveCfg = Debug|Any CPU
		{C560DE7A-02F3-4FB0-BD59-9C96138BD502}.Debug|Any CPU.Build.0 = Debug|Any CPU
		{C560DE7A-02F3-4FB0-BD59-9C96138BD502}.Release|Any CPU.ActiveCfg = Release|Any CPU
		{C560DE7A-02F3-4FB0-BD59-9C96138BD502}.Release|Any CPU.Build.0 = Release|Any CPU
		{5FADD03F-72E0-4A6A-81F7-FE4FA44FCB36}.Debug|Any CPU.ActiveCfg = Debug|Any CPU
		{5FADD03F-72E0-4A6A-81F7-FE4FA44FCB36}.Debug|Any CPU.Build.0 = Debug|Any CPU
		{5FADD03F-72E0-4A6A-81F7-FE4FA44FCB36}.Release|Any CPU.ActiveCfg = Release|Any CPU
		{5FADD03F-72E0-4A6A-81F7-FE4FA44FCB36}.Release|Any CPU.Build.0 = Release|Any CPU
		{2FEF0009-3637-4CD5-8371-31530861A717}.Debug|Any CPU.ActiveCfg = Debug|Any CPU
		{2FEF0009-3637-4CD5-8371-31530861A717}.Debug|Any CPU.Build.0 = Debug|Any CPU
		{2FEF0009-3637-4CD5-8371-31530861A717}.Release|Any CPU.ActiveCfg = Release|Any CPU
		{2FEF0009-3637-4CD5-8371-31530861A717}.Release|Any CPU.Build.0 = Release|Any CPU
	EndGlobalSection
	GlobalSection(SolutionProperties) = preSolution
		HideSolutionNode = FALSE
	EndGlobalSection
	GlobalSection(ExtensibilityGlobals) = postSolution
		SolutionGuid = {4A5A7DC8-3E58-41D0-A09F-3A0627260ED2}
	EndGlobalSection
EndGlobal
