
Microsoft Visual Studio Solution File, Format Version 12.00
# Visual Studio Version 16
VisualStudioVersion = 16.0.31515.178
MinimumVisualStudioVersion = 10.0.40219.1
Project("{FAE04EC0-301F-11D3-BF4B-00C04F79EFBC}") = "BytewizerTinyCLR.DuinoEmbedded", "BytewizerTinyCLR.DuinoEmbedded.csproj", "{5C777F7D-883B-4916-AB1B-A0AD8FD18E1A}"
EndProject
Global
	GlobalSection(SolutionConfigurationPlatforms) = preSolution
		Debug|Any CPU = Debug|Any CPU
		Release|Any CPU = Release|Any CPU
	EndGlobalSection
	GlobalSection(ProjectConfigurationPlatforms) = postSolution
		{5C777F7D-883B-4916-AB1B-A0AD8FD18E1A}.Debug|Any CPU.ActiveCfg = Debug|Any CPU
		{5C777F7D-883B-4916-AB1B-A0AD8FD18E1A}.Debug|Any CPU.Build.0 = Debug|Any CPU
		{5C777F7D-883B-4916-AB1B-A0AD8FD18E1A}.Debug|Any CPU.Deploy.0 = Debug|Any CPU
		{5C777F7D-883B-4916-AB1B-A0AD8FD18E1A}.Release|Any CPU.ActiveCfg = Release|Any CPU
		{5C777F7D-883B-4916-AB1B-A0AD8FD18E1A}.Release|Any CPU.Build.0 = Release|Any CPU
		{5C777F7D-883B-4916-AB1B-A0AD8FD18E1A}.Release|Any CPU.Deploy.0 = Release|Any CPU
	EndGlobalSection
	GlobalSection(SolutionProperties) = preSolution
		HideSolutionNode = FALSE
	EndGlobalSection
	GlobalSection(ExtensibilityGlobals) = postSolution
		SolutionGuid = {DCF7561C-61F8-43B4-B213-65C689F78A7A}
	EndGlobalSection
EndGlobal
